
Microsoft Visual Studio Solution File, Format Version 12.00
# Visual Studio Version 17
VisualStudioVersion = 17.7.34031.279
MinimumVisualStudioVersion = 10.0.40219.1
Project("{FAE04EC0-301F-11D3-BF4B-00C04F79EFBC}") = "MVC_Practice", "MVC_Practice\MVC_Practice.csproj", "{B0E7053F-52B9-4636-AC33-CB094F5F1723}"
EndProject
Global
	GlobalSection(SolutionConfigurationPlatforms) = preSolution
		Debug|Any CPU = Debug|Any CPU
		Release|Any CPU = Release|Any CPU
	EndGlobalSection
	GlobalSection(ProjectConfigurationPlatforms) = postSolution
		{B0E7053F-52B9-4636-AC33-CB094F5F1723}.Debug|Any CPU.ActiveCfg = Debug|Any CPU
		{B0E7053F-52B9-4636-AC33-CB094F5F1723}.Debug|Any CPU.Build.0 = Debug|Any CPU
		{B0E7053F-52B9-4636-AC33-CB094F5F1723}.Release|Any CPU.ActiveCfg = Release|Any CPU
		{B0E7053F-52B9-4636-AC33-CB094F5F1723}.Release|Any CPU.Build.0 = Release|Any CPU
	EndGlobalSection
	GlobalSection(SolutionProperties) = preSolution
		HideSolutionNode = FALSE
	EndGlobalSection
	GlobalSection(ExtensibilityGlobals) = postSolution
		SolutionGuid = {60B691E0-FDA1-41B3-ACB8-EE27EE778889}
	EndGlobalSection
EndGlobal
