
Microsoft Visual Studio Solution File, Format Version 12.00
# Visual Studio Version 17
VisualStudioVersion = 17.7.34031.279
MinimumVisualStudioVersion = 10.0.40219.1
Project("{FAE04EC0-301F-11D3-BF4B-00C04F79EFBC}") = "WebApplicationFinal", "WebApplicationFinal\WebApplicationFinal.csproj", "{F6913560-F8A8-4878-B9E1-FE6C907DF7C9}"
EndProject
Global
	GlobalSection(SolutionConfigurationPlatforms) = preSolution
		Debug|Any CPU = Debug|Any CPU
		Release|Any CPU = Release|Any CPU
	EndGlobalSection
	GlobalSection(ProjectConfigurationPlatforms) = postSolution
		{F6913560-F8A8-4878-B9E1-FE6C907DF7C9}.Debug|Any CPU.ActiveCfg = Debug|Any CPU
		{F6913560-F8A8-4878-B9E1-FE6C907DF7C9}.Debug|Any CPU.Build.0 = Debug|Any CPU
		{F6913560-F8A8-4878-B9E1-FE6C907DF7C9}.Release|Any CPU.ActiveCfg = Release|Any CPU
		{F6913560-F8A8-4878-B9E1-FE6C907DF7C9}.Release|Any CPU.Build.0 = Release|Any CPU
	EndGlobalSection
	GlobalSection(SolutionProperties) = preSolution
		HideSolutionNode = FALSE
	EndGlobalSection
	GlobalSection(ExtensibilityGlobals) = postSolution
		SolutionGuid = {543AFE50-4CEB-4DBD-B823-3616E80F6A83}
	EndGlobalSection
EndGlobal
