
Microsoft Visual Studio Solution File, Format Version 12.00
# Visual Studio Version 17
VisualStudioVersion = 17.7.34031.279
MinimumVisualStudioVersion = 10.0.40219.1
Project("{FAE04EC0-301F-11D3-BF4B-00C04F79EFBC}") = "RelationshipOneToMany_FluentApi", "RelationshipOneToMany_FluentApi\RelationshipOneToMany_FluentApi.csproj", "{23F56EF8-7F65-4811-8BFB-A74312822D56}"
EndProject
Global
	GlobalSection(SolutionConfigurationPlatforms) = preSolution
		Debug|Any CPU = Debug|Any CPU
		Release|Any CPU = Release|Any CPU
	EndGlobalSection
	GlobalSection(ProjectConfigurationPlatforms) = postSolution
		{23F56EF8-7F65-4811-8BFB-A74312822D56}.Debug|Any CPU.ActiveCfg = Debug|Any CPU
		{23F56EF8-7F65-4811-8BFB-A74312822D56}.Debug|Any CPU.Build.0 = Debug|Any CPU
		{23F56EF8-7F65-4811-8BFB-A74312822D56}.Release|Any CPU.ActiveCfg = Release|Any CPU
		{23F56EF8-7F65-4811-8BFB-A74312822D56}.Release|Any CPU.Build.0 = Release|Any CPU
	EndGlobalSection
	GlobalSection(SolutionProperties) = preSolution
		HideSolutionNode = FALSE
	EndGlobalSection
	GlobalSection(ExtensibilityGlobals) = postSolution
		SolutionGuid = {C1DC91A9-9D79-4D7D-B4A6-BE193EF386B0}
	EndGlobalSection
EndGlobal
