
Microsoft Visual Studio Solution File, Format Version 12.00
# Visual Studio Version 17
VisualStudioVersion = 17.7.34031.279
MinimumVisualStudioVersion = 10.0.40219.1
Project("{FAE04EC0-301F-11D3-BF4B-00C04F79EFBC}") = "DAY2", "DAY2\DAY2.csproj", "{419B40A7-4CC2-4A7A-BDA1-5024D332C9ED}"
EndProject
Global
	GlobalSection(SolutionConfigurationPlatforms) = preSolution
		Debug|Any CPU = Debug|Any CPU
		Release|Any CPU = Release|Any CPU
	EndGlobalSection
	GlobalSection(ProjectConfigurationPlatforms) = postSolution
		{419B40A7-4CC2-4A7A-BDA1-5024D332C9ED}.Debug|Any CPU.ActiveCfg = Debug|Any CPU
		{419B40A7-4CC2-4A7A-BDA1-5024D332C9ED}.Debug|Any CPU.Build.0 = Debug|Any CPU
		{419B40A7-4CC2-4A7A-BDA1-5024D332C9ED}.Release|Any CPU.ActiveCfg = Release|Any CPU
		{419B40A7-4CC2-4A7A-BDA1-5024D332C9ED}.Release|Any CPU.Build.0 = Release|Any CPU
	EndGlobalSection
	GlobalSection(SolutionProperties) = preSolution
		HideSolutionNode = FALSE
	EndGlobalSection
	GlobalSection(ExtensibilityGlobals) = postSolution
		SolutionGuid = {6292AB6A-74BF-4119-A827-A19C0A8F87B4}
	EndGlobalSection
EndGlobal
