
Microsoft Visual Studio Solution File, Format Version 12.00
# Visual Studio Version 17
VisualStudioVersion = 17.7.34031.279
MinimumVisualStudioVersion = 10.0.40219.1
Project("{FAE04EC0-301F-11D3-BF4B-00C04F79EFBC}") = "LayoutMVC", "LayoutMVC\LayoutMVC.csproj", "{BA2EEB4E-D86F-4172-B988-D63E918413BE}"
EndProject
Global
	GlobalSection(SolutionConfigurationPlatforms) = preSolution
		Debug|Any CPU = Debug|Any CPU
		Release|Any CPU = Release|Any CPU
	EndGlobalSection
	GlobalSection(ProjectConfigurationPlatforms) = postSolution
		{BA2EEB4E-D86F-4172-B988-D63E918413BE}.Debug|Any CPU.ActiveCfg = Debug|Any CPU
		{BA2EEB4E-D86F-4172-B988-D63E918413BE}.Debug|Any CPU.Build.0 = Debug|Any CPU
		{BA2EEB4E-D86F-4172-B988-D63E918413BE}.Release|Any CPU.ActiveCfg = Release|Any CPU
		{BA2EEB4E-D86F-4172-B988-D63E918413BE}.Release|Any CPU.Build.0 = Release|Any CPU
	EndGlobalSection
	GlobalSection(SolutionProperties) = preSolution
		HideSolutionNode = FALSE
	EndGlobalSection
	GlobalSection(ExtensibilityGlobals) = postSolution
		SolutionGuid = {18771E86-6A6D-4170-8296-53F6831E93BF}
	EndGlobalSection
EndGlobal
